
Microsoft Visual Studio Solution File, Format Version 12.00
# Visual Studio 14
VisualStudioVersion = 14.0.25420.1
MinimumVisualStudioVersion = 10.0.40219.1
Project("{FAE04EC0-301F-11D3-BF4B-00C04F79EFBC}") = "MVCWithTDD", "MVCWithTDD\MVCWithTDD.csproj", "{E2700A9B-230E-4FE3-BF79-EBDBC2903560}"
EndProject
Project("{FAE04EC0-301F-11D3-BF4B-00C04F79EFBC}") = "MVCWithTDD.Tests", "MVCWithTDD.Tests\MVCWithTDD.Tests.csproj", "{ADD58F6C-6B05-4E07-83E5-E4EEDB9E6FF4}"
EndProject
Project("{FAE04EC0-301F-11D3-BF4B-00C04F79EFBC}") = "MVCWithTDD.Data", "MVCWithTDD.Data\MVCWithTDD.Data.csproj", "{596DBC89-7A01-43F4-ABDE-4A079F0E70CF}"
EndProject
Project("{FAE04EC0-301F-11D3-BF4B-00C04F79EFBC}") = "MVCWithTDD.Model", "MVCWithTDD.Model\MVCWithTDD.Model.csproj", "{AE93B7AB-32AF-476B-ACF6-B3E7B1897E4D}"
EndProject
Project("{FAE04EC0-301F-11D3-BF4B-00C04F79EFBC}") = "MVCWithTDD.Service", "MVCWithTDD.Service\MVCWithTDD.Service.csproj", "{67083D27-B848-40D3-978F-09B5CA0BF860}"
EndProject
Project("{FAE04EC0-301F-11D3-BF4B-00C04F79EFBC}") = "MVCWithTDD.Service.Test", "MVCWithTDD.Service.Test\MVCWithTDD.Service.Test.csproj", "{DC315EE5-F92A-4C06-882D-7C739C3C6E68}"
EndProject
Global
	GlobalSection(SolutionConfigurationPlatforms) = preSolution
		Debug|Any CPU = Debug|Any CPU
		Release|Any CPU = Release|Any CPU
	EndGlobalSection
	GlobalSection(ProjectConfigurationPlatforms) = postSolution
		{E2700A9B-230E-4FE3-BF79-EBDBC2903560}.Debug|Any CPU.ActiveCfg = Debug|Any CPU
		{E2700A9B-230E-4FE3-BF79-EBDBC2903560}.Debug|Any CPU.Build.0 = Debug|Any CPU
		{E2700A9B-230E-4FE3-BF79-EBDBC2903560}.Release|Any CPU.ActiveCfg = Release|Any CPU
		{E2700A9B-230E-4FE3-BF79-EBDBC2903560}.Release|Any CPU.Build.0 = Release|Any CPU
		{ADD58F6C-6B05-4E07-83E5-E4EEDB9E6FF4}.Debug|Any CPU.ActiveCfg = Debug|Any CPU
		{ADD58F6C-6B05-4E07-83E5-E4EEDB9E6FF4}.Debug|Any CPU.Build.0 = Debug|Any CPU
		{ADD58F6C-6B05-4E07-83E5-E4EEDB9E6FF4}.Release|Any CPU.ActiveCfg = Release|Any CPU
		{ADD58F6C-6B05-4E07-83E5-E4EEDB9E6FF4}.Release|Any CPU.Build.0 = Release|Any CPU
		{596DBC89-7A01-43F4-ABDE-4A079F0E70CF}.Debug|Any CPU.ActiveCfg = Debug|Any CPU
		{596DBC89-7A01-43F4-ABDE-4A079F0E70CF}.Debug|Any CPU.Build.0 = Debug|Any CPU
		{596DBC89-7A01-43F4-ABDE-4A079F0E70CF}.Release|Any CPU.ActiveCfg = Release|Any CPU
		{596DBC89-7A01-43F4-ABDE-4A079F0E70CF}.Release|Any CPU.Build.0 = Release|Any CPU
		{AE93B7AB-32AF-476B-ACF6-B3E7B1897E4D}.Debug|Any CPU.ActiveCfg = Debug|Any CPU
		{AE93B7AB-32AF-476B-ACF6-B3E7B1897E4D}.Debug|Any CPU.Build.0 = Debug|Any CPU
		{AE93B7AB-32AF-476B-ACF6-B3E7B1897E4D}.Release|Any CPU.ActiveCfg = Release|Any CPU
		{AE93B7AB-32AF-476B-ACF6-B3E7B1897E4D}.Release|Any CPU.Build.0 = Release|Any CPU
		{67083D27-B848-40D3-978F-09B5CA0BF860}.Debug|Any CPU.ActiveCfg = Debug|Any CPU
		{67083D27-B848-40D3-978F-09B5CA0BF860}.Debug|Any CPU.Build.0 = Debug|Any CPU
		{67083D27-B848-40D3-978F-09B5CA0BF860}.Release|Any CPU.ActiveCfg = Release|Any CPU
		{67083D27-B848-40D3-978F-09B5CA0BF860}.Release|Any CPU.Build.0 = Release|Any CPU
		{DC315EE5-F92A-4C06-882D-7C739C3C6E68}.Debug|Any CPU.ActiveCfg = Debug|Any CPU
		{DC315EE5-F92A-4C06-882D-7C739C3C6E68}.Debug|Any CPU.Build.0 = Debug|Any CPU
		{DC315EE5-F92A-4C06-882D-7C739C3C6E68}.Release|Any CPU.ActiveCfg = Release|Any CPU
		{DC315EE5-F92A-4C06-882D-7C739C3C6E68}.Release|Any CPU.Build.0 = Release|Any CPU
	EndGlobalSection
	GlobalSection(SolutionProperties) = preSolution
		HideSolutionNode = FALSE
	EndGlobalSection
EndGlobal
